
Microsoft Visual Studio Solution File, Format Version 12.00
# Visual Studio Version 17
VisualStudioVersion = 17.14.36202.13
MinimumVisualStudioVersion = 10.0.40219.1
Project("{FAE04EC0-301F-11D3-BF4B-00C04F79EFBC}") = "ReservationSystem.Models", "ReservationSystem.Models\ReservationSystem.Models.csproj", "{6CCE80E2-AFAE-4693-ACA8-88DAA1CF9757}"
EndProject
Project("{FAE04EC0-301F-11D3-BF4B-00C04F79EFBC}") = "ReservationSystem.Repository", "ReservationSystem.Repository\ReservationSystem.Repository.csproj", "{FF4EA247-2DDA-4237-8919-43622B0FC4B7}"
EndProject
Project("{FAE04EC0-301F-11D3-BF4B-00C04F79EFBC}") = "ReservationSystem.Services", "ReservationSystem.Services\ReservationSystem.Services.csproj", "{314C9DDF-A0B0-4F5A-8A7D-F6953203DF78}"
EndProject
Project("{FAE04EC0-301F-11D3-BF4B-00C04F79EFBC}") = "ReservationSystem.Web", "ReservationSystem.Web\ReservationSystem.Web.csproj", "{3D82C278-5E0A-486D-85FF-119AF2ED796D}"
EndProject
Global
	GlobalSection(SolutionConfigurationPlatforms) = preSolution
		Debug|Any CPU = Debug|Any CPU
		Release|Any CPU = Release|Any CPU
	EndGlobalSection
	GlobalSection(ProjectConfigurationPlatforms) = postSolution
		{6CCE80E2-AFAE-4693-ACA8-88DAA1CF9757}.Debug|Any CPU.ActiveCfg = Debug|Any CPU
		{6CCE80E2-AFAE-4693-ACA8-88DAA1CF9757}.Debug|Any CPU.Build.0 = Debug|Any CPU
		{6CCE80E2-AFAE-4693-ACA8-88DAA1CF9757}.Release|Any CPU.ActiveCfg = Release|Any CPU
		{6CCE80E2-AFAE-4693-ACA8-88DAA1CF9757}.Release|Any CPU.Build.0 = Release|Any CPU
		{FF4EA247-2DDA-4237-8919-43622B0FC4B7}.Debug|Any CPU.ActiveCfg = Debug|Any CPU
		{FF4EA247-2DDA-4237-8919-43622B0FC4B7}.Debug|Any CPU.Build.0 = Debug|Any CPU
		{FF4EA247-2DDA-4237-8919-43622B0FC4B7}.Release|Any CPU.ActiveCfg = Release|Any CPU
		{FF4EA247-2DDA-4237-8919-43622B0FC4B7}.Release|Any CPU.Build.0 = Release|Any CPU
		{314C9DDF-A0B0-4F5A-8A7D-F6953203DF78}.Debug|Any CPU.ActiveCfg = Debug|Any CPU
		{314C9DDF-A0B0-4F5A-8A7D-F6953203DF78}.Debug|Any CPU.Build.0 = Debug|Any CPU
		{314C9DDF-A0B0-4F5A-8A7D-F6953203DF78}.Release|Any CPU.ActiveCfg = Release|Any CPU
		{314C9DDF-A0B0-4F5A-8A7D-F6953203DF78}.Release|Any CPU.Build.0 = Release|Any CPU
		{3D82C278-5E0A-486D-85FF-119AF2ED796D}.Debug|Any CPU.ActiveCfg = Debug|Any CPU
		{3D82C278-5E0A-486D-85FF-119AF2ED796D}.Debug|Any CPU.Build.0 = Debug|Any CPU
		{3D82C278-5E0A-486D-85FF-119AF2ED796D}.Release|Any CPU.ActiveCfg = Release|Any CPU
		{3D82C278-5E0A-486D-85FF-119AF2ED796D}.Release|Any CPU.Build.0 = Release|Any CPU
	EndGlobalSection
	GlobalSection(SolutionProperties) = preSolution
		HideSolutionNode = FALSE
	EndGlobalSection
	GlobalSection(ExtensibilityGlobals) = postSolution
		SolutionGuid = {C60671E5-3DFB-4F09-8F00-70C2D3CF45E8}
	EndGlobalSection
EndGlobal
